
Microsoft Visual Studio Solution File, Format Version 12.00
# Visual Studio Version 16
VisualStudioVersion = 16.0.30907.101
MinimumVisualStudioVersion = 10.0.40219.1
Project("{9092AA53-FB77-4645-B42D-1CCCA6BD08BD}") = "ProvaLiveU", "ProvaLiveU\ProvaLiveU.njsproj", "{7E904BD8-6DED-4322-A6B2-65D836306A21}"
EndProject
Global
	GlobalSection(SolutionConfigurationPlatforms) = preSolution
		Debug|Any CPU = Debug|Any CPU
		Release|Any CPU = Release|Any CPU
	EndGlobalSection
	GlobalSection(ProjectConfigurationPlatforms) = postSolution
		{7E904BD8-6DED-4322-A6B2-65D836306A21}.Debug|Any CPU.ActiveCfg = Debug|Any CPU
		{7E904BD8-6DED-4322-A6B2-65D836306A21}.Debug|Any CPU.Build.0 = Debug|Any CPU
		{7E904BD8-6DED-4322-A6B2-65D836306A21}.Release|Any CPU.ActiveCfg = Release|Any CPU
		{7E904BD8-6DED-4322-A6B2-65D836306A21}.Release|Any CPU.Build.0 = Release|Any CPU
	EndGlobalSection
	GlobalSection(SolutionProperties) = preSolution
		HideSolutionNode = FALSE
	EndGlobalSection
	GlobalSection(ExtensibilityGlobals) = postSolution
		SolutionGuid = {E3018F26-602D-4521-90FD-494346DEF215}
	EndGlobalSection
EndGlobal
